// !$*UTF8*$!
{
	archiveVersion = 1;
	classes = {
	};
	objectVersion = 48;
	objects = {

/* Begin PBXBuildFile section */
		094B19DA1FA874EC003CA26D /* AppDelegate.swift in Sources */ = {isa = PBXBuildFile; fileRef = 094B19D91FA874EC003CA26D /* AppDelegate.swift */; };
		094B19DC1FA874EC003CA26D /* ViewController.swift in Sources */ = {isa = PBXBuildFile; fileRef = 094B19DB1FA874EC003CA26D /* ViewController.swift */; };
		094B19DF1FA874EC003CA26D /* Main.storyboard in Resources */ = {isa = PBXBuildFile; fileRef = 094B19DD1FA874EC003CA26D /* Main.storyboard */; };
		094B19E11FA874EC003CA26D /* Assets.xcassets in Resources */ = {isa = PBXBuildFile; fileRef = 094B19E01FA874EC003CA26D /* Assets.xcassets */; };
		094B19E41FA874EC003CA26D /* LaunchScreen.storyboard in Resources */ = {isa = PBXBuildFile; fileRef = 094B19E21FA874EC003CA26D /* LaunchScreen.storyboard */; };
		094B19EF1FA874EC003CA26D /* AddressSelectView_SwfitTests.swift in Sources */ = {isa = PBXBuildFile; fileRef = 094B19EE1FA874EC003CA26D /* AddressSelectView_SwfitTests.swift */; };
		094B19FA1FA874EC003CA26D /* AddressSelectView_SwfitUITests.swift in Sources */ = {isa = PBXBuildFile; fileRef = 094B19F91FA874EC003CA26D /* AddressSelectView_SwfitUITests.swift */; };
		094B1A121FA87637003CA26D /* AddressSelectView.swift in Sources */ = {isa = PBXBuildFile; fileRef = 094B1A0E1FA87637003CA26D /* AddressSelectView.swift */; };
		094B1A131FA87637003CA26D /* area.json in Resources */ = {isa = PBXBuildFile; fileRef = 094B1A0F1FA87637003CA26D /* area.json */; };
		094B1A141FA87637003CA26D /* String+CZ.swift in Sources */ = {isa = PBXBuildFile; fileRef = 094B1A101FA87637003CA26D /* String+CZ.swift */; };
		094B1A151FA87637003CA26D /* UIImage+CZ.swift in Sources */ = {isa = PBXBuildFile; fileRef = 094B1A111FA87637003CA26D /* UIImage+CZ.swift */; };
		52BD43C11DC21BB4E6221B74 /* libPods-AddressSelectView-Swfit.a in Frameworks */ = {isa = PBXBuildFile; fileRef = ED111A934E8D93088C5E1850 /* libPods-AddressSelectView-Swfit.a */; };
/* End PBXBuildFile section */

/* Begin PBXContainerItemProxy section */
		094B19EB1FA874EC003CA26D /* PBXContainerItemProxy */ = {
			isa = PBXContainerItemProxy;
			containerPortal = 094B19CE1FA874EC003CA26D /* Project object */;
			proxyType = 1;
			remoteGlobalIDString = 094B19D51FA874EC003CA26D;
			remoteInfo = "AddressSelectView-Swfit";
		};
		094B19F61FA874EC003CA26D /* PBXContainerItemProxy */ = {
			isa = PBXContainerItemProxy;
			containerPortal = 094B19CE1FA874EC003CA26D /* Project object */;
			proxyType = 1;
			remoteGlobalIDString = 094B19D51FA874EC003CA26D;
			remoteInfo = "AddressSelectView-Swfit";
		};
/* End PBXContainerItemProxy section */

/* Begin PBXFileReference section */
		094B19D61FA874EC003CA26D /* AddressSelectView-Swfit.app */ = {isa = PBXFileReference; explicitFileType = wrapper.application; includeInIndex = 0; path = "AddressSelectView-Swfit.app"; sourceTree = BUILT_PRODUCTS_DIR; };
		094B19D91FA874EC003CA26D /* AppDelegate.swift */ = {isa = PBXFileReference; lastKnownFileType = sourcecode.swift; path = AppDelegate.swift; sourceTree = "<group>"; };
		094B19DB1FA874EC003CA26D /* ViewController.swift */ = {isa = PBXFileReference; lastKnownFileType = sourcecode.swift; path = ViewController.swift; sourceTree = "<group>"; };
		094B19DE1FA874EC003CA26D /* Base */ = {isa = PBXFileReference; lastKnownFileType = file.storyboard; name = Base; path = Base.lproj/Main.storyboard; sourceTree = "<group>"; };
		094B19E01FA874EC003CA26D /* Assets.xcassets */ = {isa = PBXFileReference; lastKnownFileType = folder.assetcatalog; path = Assets.xcassets; sourceTree = "<group>"; };
		094B19E31FA874EC003CA26D /* Base */ = {isa = PBXFileReference; lastKnownFileType = file.storyboard; name = Base; path = Base.lproj/LaunchScreen.storyboard; sourceTree = "<group>"; };
		094B19E51FA874EC003CA26D /* Info.plist */ = {isa = PBXFileReference; lastKnownFileType = text.plist.xml; path = Info.plist; sourceTree = "<group>"; };
		094B19EA1FA874EC003CA26D /* AddressSelectView-SwfitTests.xctest */ = {isa = PBXFileReference; explicitFileType = wrapper.cfbundle; includeInIndex = 0; path = "AddressSelectView-SwfitTests.xctest"; sourceTree = BUILT_PRODUCTS_DIR; };
		094B19EE1FA874EC003CA26D /* AddressSelectView_SwfitTests.swift */ = {isa = PBXFileReference; lastKnownFileType = sourcecode.swift; path = AddressSelectView_SwfitTests.swift; sourceTree = "<group>"; };
		094B19F01FA874EC003CA26D /* Info.plist */ = {isa = PBXFileReference; lastKnownFileType = text.plist.xml; path = Info.plist; sourceTree = "<group>"; };
		094B19F51FA874EC003CA26D /* AddressSelectView-SwfitUITests.xctest */ = {isa = PBXFileReference; explicitFileType = wrapper.cfbundle; includeInIndex = 0; path = "AddressSelectView-SwfitUITests.xctest"; sourceTree = BUILT_PRODUCTS_DIR; };
		094B19F91FA874EC003CA26D /* AddressSelectView_SwfitUITests.swift */ = {isa = PBXFileReference; lastKnownFileType = sourcecode.swift; path = AddressSelectView_SwfitUITests.swift; sourceTree = "<group>"; };
		094B19FB1FA874EC003CA26D /* Info.plist */ = {isa = PBXFileReference; lastKnownFileType = text.plist.xml; path = Info.plist; sourceTree = "<group>"; };
		094B1A0E1FA87637003CA26D /* AddressSelectView.swift */ = {isa = PBXFileReference; fileEncoding = 4; lastKnownFileType = sourcecode.swift; path = AddressSelectView.swift; sourceTree = "<group>"; };
		094B1A0F1FA87637003CA26D /* area.json */ = {isa = PBXFileReference; fileEncoding = 4; lastKnownFileType = text.json; path = area.json; sourceTree = "<group>"; };
		094B1A101FA87637003CA26D /* String+CZ.swift */ = {isa = PBXFileReference; fileEncoding = 4; lastKnownFileType = sourcecode.swift; path = "String+CZ.swift"; sourceTree = "<group>"; };
		094B1A111FA87637003CA26D /* UIImage+CZ.swift */ = {isa = PBXFileReference; fileEncoding = 4; lastKnownFileType = sourcecode.swift; path = "UIImage+CZ.swift"; sourceTree = "<group>"; };
		094B1A161FA8765D003CA26D /* AddressSelectView-Swfit-Bridging-Header.h */ = {isa = PBXFileReference; lastKnownFileType = sourcecode.c.h; path = "AddressSelectView-Swfit-Bridging-Header.h"; sourceTree = "<group>"; };
		2758645F3D9B0939E12211BB /* Pods-AddressSelectView-Swfit.release.xcconfig */ = {isa = PBXFileReference; includeInIndex = 1; lastKnownFileType = text.xcconfig; name = "Pods-AddressSelectView-Swfit.release.xcconfig"; path = "Pods/Target Support Files/Pods-AddressSelectView-Swfit/Pods-AddressSelectView-Swfit.release.xcconfig"; sourceTree = "<group>"; };
		4EA59C98606C096CAFBF2F50 /* Pods-AddressSelectView-Swfit.debug.xcconfig */ = {isa = PBXFileReference; includeInIndex = 1; lastKnownFileType = text.xcconfig; name = "Pods-AddressSelectView-Swfit.debug.xcconfig"; path = "Pods/Target Support Files/Pods-AddressSelectView-Swfit/Pods-AddressSelectView-Swfit.debug.xcconfig"; sourceTree = "<group>"; };
		ED111A934E8D93088C5E1850 /* libPods-AddressSelectView-Swfit.a */ = {isa = PBXFileReference; explicitFileType = archive.ar; includeInIndex = 0; path = "libPods-AddressSelectView-Swfit.a"; sourceTree = BUILT_PRODUCTS_DIR; };
/* End PBXFileReference section */

/* Begin PBXFrameworksBuildPhase section */
		094B19D31FA874EC003CA26D /* Frameworks */ = {
			isa = PBXFrameworksBuildPhase;
			buildActionMask = 2147483647;
			files = (
				52BD43C11DC21BB4E6221B74 /* libPods-AddressSelectView-Swfit.a in Frameworks */,
			);
			runOnlyForDeploymentPostprocessing = 0;
		};
		094B19E71FA874EC003CA26D /* Frameworks */ = {
			isa = PBXFrameworksBuildPhase;
			buildActionMask = 2147483647;
			files = (
			);
			runOnlyForDeploymentPostprocessing = 0;
		};
		094B19F21FA874EC003CA26D /* Frameworks */ = {
			isa = PBXFrameworksBuildPhase;
			buildActionMask = 2147483647;
			files = (
			);
			runOnlyForDeploymentPostprocessing = 0;
		};
/* End PBXFrameworksBuildPhase section */

/* Begin PBXGroup section */
		094B19CD1FA874EC003CA26D = {
			isa = PBXGroup;
			children = (
				094B1A0D1FA87637003CA26D /* AddressView */,
				094B19D81FA874EC003CA26D /* AddressSelectView-Swfit */,
				094B19ED1FA874EC003CA26D /* AddressSelectView-SwfitTests */,
				094B19F81FA874EC003CA26D /* AddressSelectView-SwfitUITests */,
				094B19D71FA874EC003CA26D /* Products */,
				B7BB394BE6D3D924CBEC5B17 /* Pods */,
				C6898CD2E448EEAE1F218E0C /* Frameworks */,
				094B1A161FA8765D003CA26D /* AddressSelectView-Swfit-Bridging-Header.h */,
			);
			sourceTree = "<group>";
		};
		094B19D71FA874EC003CA26D /* Products */ = {
			isa = PBXGroup;
			children = (
				094B19D61FA874EC003CA26D /* AddressSelectView-Swfit.app */,
				094B19EA1FA874EC003CA26D /* AddressSelectView-SwfitTests.xctest */,
				094B19F51FA874EC003CA26D /* AddressSelectView-SwfitUITests.xctest */,
			);
			name = Products;
			sourceTree = "<group>";
		};
		094B19D81FA874EC003CA26D /* AddressSelectView-Swfit */ = {
			isa = PBXGroup;
			children = (
				094B19D91FA874EC003CA26D /* AppDelegate.swift */,
				094B19DB1FA874EC003CA26D /* ViewController.swift */,
				094B19DD1FA874EC003CA26D /* Main.storyboard */,
				094B19E01FA874EC003CA26D /* Assets.xcassets */,
				094B19E21FA874EC003CA26D /* LaunchScreen.storyboard */,
				094B19E51FA874EC003CA26D /* Info.plist */,
			);
			path = "AddressSelectView-Swfit";
			sourceTree = "<group>";
		};
		094B19ED1FA874EC003CA26D /* AddressSelectView-SwfitTests */ = {
			isa = PBXGroup;
			children = (
				094B19EE1FA874EC003CA26D /* AddressSelectView_SwfitTests.swift */,
				094B19F01FA874EC003CA26D /* Info.plist */,
			);
			path = "AddressSelectView-SwfitTests";
			sourceTree = "<group>";
		};
		094B19F81FA874EC003CA26D /* AddressSelectView-SwfitUITests */ = {
			isa = PBXGroup;
			children = (
				094B19F91FA874EC003CA26D /* AddressSelectView_SwfitUITests.swift */,
				094B19FB1FA874EC003CA26D /* Info.plist */,
			);
			path = "AddressSelectView-SwfitUITests";
			sourceTree = "<group>";
		};
		094B1A0D1FA87637003CA26D /* AddressView */ = {
			isa = PBXGroup;
			children = (
				094B1A0E1FA87637003CA26D /* AddressSelectView.swift */,
				094B1A0F1FA87637003CA26D /* area.json */,
				094B1A101FA87637003CA26D /* String+CZ.swift */,
				094B1A111FA87637003CA26D /* UIImage+CZ.swift */,
			);
			path = AddressView;
			sourceTree = "<group>";
		};
		B7BB394BE6D3D924CBEC5B17 /* Pods */ = {
			isa = PBXGroup;
			children = (
				4EA59C98606C096CAFBF2F50 /* Pods-AddressSelectView-Swfit.debug.xcconfig */,
				2758645F3D9B0939E12211BB /* Pods-AddressSelectView-Swfit.release.xcconfig */,
			);
			name = Pods;
			sourceTree = "<group>";
		};
		C6898CD2E448EEAE1F218E0C /* Frameworks */ = {
			isa = PBXGroup;
			children = (
				ED111A934E8D93088C5E1850 /* libPods-AddressSelectView-Swfit.a */,
			);
			name = Frameworks;
			sourceTree = "<group>";
		};
/* End PBXGroup section */

/* Begin PBXNativeTarget section */
		094B19D51FA874EC003CA26D /* AddressSelectView-Swfit */ = {
			isa = PBXNativeTarget;
			buildConfigurationList = 094B19FE1FA874EC003CA26D /* Build configuration list for PBXNativeTarget "AddressSelectView-Swfit" */;
			buildPhases = (
				C2C40694A6C541638B5FB618 /* [CP] Check Pods Manifest.lock */,
				094B19D21FA874EC003CA26D /* Sources */,
				094B19D31FA874EC003CA26D /* Frameworks */,
				094B19D41FA874EC003CA26D /* Resources */,
				CC8102538FD885ADE62D87E9 /* [CP] Embed Pods Frameworks */,
				2417EC1C44E07EA4CE6449C3 /* [CP] Copy Pods Resources */,
			);
			buildRules = (
			);
			dependencies = (
			);
			name = "AddressSelectView-Swfit";
			productName = "AddressSelectView-Swfit";
			productReference = 094B19D61FA874EC003CA26D /* AddressSelectView-Swfit.app */;
			productType = "com.apple.product-type.application";
		};
		094B19E91FA874EC003CA26D /* AddressSelectView-SwfitTests */ = {
			isa = PBXNativeTarget;
			buildConfigurationList = 094B1A011FA874EC003CA26D /* Build configuration list for PBXNativeTarget "AddressSelectView-SwfitTests" */;
			buildPhases = (
				094B19E61FA874EC003CA26D /* Sources */,
				094B19E71FA874EC003CA26D /* Frameworks */,
				094B19E81FA874EC003CA26D /* Resources */,
			);
			buildRules = (
			);
			dependencies = (
				094B19EC1FA874EC003CA26D /* PBXTargetDependency */,
			);
			name = "AddressSelectView-SwfitTests";
			productName = "AddressSelectView-SwfitTests";
			productReference = 094B19EA1FA874EC003CA26D /* AddressSelectView-SwfitTests.xctest */;
			productType = "com.apple.product-type.bundle.unit-test";
		};
		094B19F41FA874EC003CA26D /* AddressSelectView-SwfitUITests */ = {
			isa = PBXNativeTarget;
			buildConfigurationList = 094B1A041FA874EC003CA26D /* Build configuration list for PBXNativeTarget "AddressSelectView-SwfitUITests" */;
			buildPhases = (
				094B19F11FA874EC003CA26D /* Sources */,
				094B19F21FA874EC003CA26D /* Frameworks */,
				094B19F31FA874EC003CA26D /* Resources */,
			);
			buildRules = (
			);
			dependencies = (
				094B19F71FA874EC003CA26D /* PBXTargetDependency */,
			);
			name = "AddressSelectView-SwfitUITests";
			productName = "AddressSelectView-SwfitUITests";
			productReference = 094B19F51FA874EC003CA26D /* AddressSelectView-SwfitUITests.xctest */;
			productType = "com.apple.product-type.bundle.ui-testing";
		};
/* End PBXNativeTarget section */

/* Begin PBXProject section */
		094B19CE1FA874EC003CA26D /* Project object */ = {
			isa = PBXProject;
			attributes = {
				LastSwiftUpdateCheck = 0900;
				LastUpgradeCheck = 0900;
				ORGANIZATIONNAME = "程健";
				TargetAttributes = {
					094B19D51FA874EC003CA26D = {
						CreatedOnToolsVersion = 9.0.1;
						LastSwiftMigration = 0900;
						ProvisioningStyle = Automatic;
					};
					094B19E91FA874EC003CA26D = {
						CreatedOnToolsVersion = 9.0.1;
						ProvisioningStyle = Automatic;
						TestTargetID = 094B19D51FA874EC003CA26D;
					};
					094B19F41FA874EC003CA26D = {
						CreatedOnToolsVersion = 9.0.1;
						ProvisioningStyle = Automatic;
						TestTargetID = 094B19D51FA874EC003CA26D;
					};
				};
			};
			buildConfigurationList = 094B19D11FA874EC003CA26D /* Build configuration list for PBXProject "AddressSelectView-Swfit" */;
			compatibilityVersion = "Xcode 8.0";
			developmentRegion = en;
			hasScannedForEncodings = 0;
			knownRegions = (
				en,
				Base,
			);
			mainGroup = 094B19CD1FA874EC003CA26D;
			productRefGroup = 094B19D71FA874EC003CA26D /* Products */;
			projectDirPath = "";
			projectRoot = "";
			targets = (
				094B19D51FA874EC003CA26D /* AddressSelectView-Swfit */,
				094B19E91FA874EC003CA26D /* AddressSelectView-SwfitTests */,
				094B19F41FA874EC003CA26D /* AddressSelectView-SwfitUITests */,
			);
		};
/* End PBXProject section */

/* Begin PBXResourcesBuildPhase section */
		094B19D41FA874EC003CA26D /* Resources */ = {
			isa = PBXResourcesBuildPhase;
			buildActionMask = 2147483647;
			files = (
				094B19E41FA874EC003CA26D /* LaunchScreen.storyboard in Resources */,
				094B19E11FA874EC003CA26D /* Assets.xcassets in Resources */,
				094B1A131FA87637003CA26D /* area.json in Resources */,
				094B19DF1FA874EC003CA26D /* Main.storyboard in Resources */,
			);
			runOnlyForDeploymentPostprocessing = 0;
		};
		094B19E81FA874EC003CA26D /* Resources */ = {
			isa = PBXResourcesBuildPhase;
			buildActionMask = 2147483647;
			files = (
			);
			runOnlyForDeploymentPostprocessing = 0;
		};
		094B19F31FA874EC003CA26D /* Resources */ = {
			isa = PBXResourcesBuildPhase;
			buildActionMask = 2147483647;
			files = (
			);
			runOnlyForDeploymentPostprocessing = 0;
		};
/* End PBXResourcesBuildPhase section */

/* Begin PBXShellScriptBuildPhase section */
		2417EC1C44E07EA4CE6449C3 /* [CP] Copy Pods Resources */ = {
			isa = PBXShellScriptBuildPhase;
			buildActionMask = 2147483647;
			files = (
			);
			inputPaths = (
			);
			name = "[CP] Copy Pods Resources";
			outputPaths = (
			);
			runOnlyForDeploymentPostprocessing = 0;
			shellPath = /bin/sh;
			shellScript = "\"${SRCROOT}/Pods/Target Support Files/Pods-AddressSelectView-Swfit/Pods-AddressSelectView-Swfit-resources.sh\"\n";
			showEnvVarsInLog = 0;
		};
		C2C40694A6C541638B5FB618 /* [CP] Check Pods Manifest.lock */ = {
			isa = PBXShellScriptBuildPhase;
			buildActionMask = 2147483647;
			files = (
			);
			inputPaths = (
			);
			name = "[CP] Check Pods Manifest.lock";
			outputPaths = (
			);
			runOnlyForDeploymentPostprocessing = 0;
			shellPath = /bin/sh;
			shellScript = "diff \"${PODS_PODFILE_DIR_PATH}/Podfile.lock\" \"${PODS_ROOT}/Manifest.lock\" > /dev/null\nif [ $? != 0 ] ; then\n    # print error to STDERR\n    echo \"error: The sandbox is not in sync with the Podfile.lock. Run 'pod install' or update your CocoaPods installation.\" >&2\n    exit 1\nfi\n";
			showEnvVarsInLog = 0;
		};
		CC8102538FD885ADE62D87E9 /* [CP] Embed Pods Frameworks */ = {
			isa = PBXShellScriptBuildPhase;
			buildActionMask = 2147483647;
			files = (
			);
			inputPaths = (
			);
			name = "[CP] Embed Pods Frameworks";
			outputPaths = (
			);
			runOnlyForDeploymentPostprocessing = 0;
			shellPath = /bin/sh;
			shellScript = "\"${SRCROOT}/Pods/Target Support Files/Pods-AddressSelectView-Swfit/Pods-AddressSelectView-Swfit-frameworks.sh\"\n";
			showEnvVarsInLog = 0;
		};
/* End PBXShellScriptBuildPhase section */

/* Begin PBXSourcesBuildPhase section */
		094B19D21FA874EC003CA26D /* Sources */ = {
			isa = PBXSourcesBuildPhase;
			buildActionMask = 2147483647;
			files = (
				094B19DC1FA874EC003CA26D /* ViewController.swift in Sources */,
				094B1A141FA87637003CA26D /* String+CZ.swift in Sources */,
				094B1A151FA87637003CA26D /* UIImage+CZ.swift in Sources */,
				094B19DA1FA874EC003CA26D /* AppDelegate.swift in Sources */,
				094B1A121FA87637003CA26D /* AddressSelectView.swift in Sources */,
			);
			runOnlyForDeploymentPostprocessing = 0;
		};
		094B19E61FA874EC003CA26D /* Sources */ = {
			isa = PBXSourcesBuildPhase;
			buildActionMask = 2147483647;
			files = (
				094B19EF1FA874EC003CA26D /* AddressSelectView_SwfitTests.swift in Sources */,
			);
			runOnlyForDeploymentPostprocessing = 0;
		};
		094B19F11FA874EC003CA26D /* Sources */ = {
			isa = PBXSourcesBuildPhase;
			buildActionMask = 2147483647;
			files = (
				094B19FA1FA874EC003CA26D /* AddressSelectView_SwfitUITests.swift in Sources */,
			);
			runOnlyForDeploymentPostprocessing = 0;
		};
/* End PBXSourcesBuildPhase section */

/* Begin PBXTargetDependency section */
		094B19EC1FA874EC003CA26D /* PBXTargetDependency */ = {
			isa = PBXTargetDependency;
			target = 094B19D51FA874EC003CA26D /* AddressSelectView-Swfit */;
			targetProxy = 094B19EB1FA874EC003CA26D /* PBXContainerItemProxy */;
		};
		094B19F71FA874EC003CA26D /* PBXTargetDependency */ = {
			isa = PBXTargetDependency;
			target = 094B19D51FA874EC003CA26D /* AddressSelectView-Swfit */;
			targetProxy = 094B19F61FA874EC003CA26D /* PBXContainerItemProxy */;
		};
/* End PBXTargetDependency section */

/* Begin PBXVariantGroup section */
		094B19DD1FA874EC003CA26D /* Main.storyboard */ = {
			isa = PBXVariantGroup;
			children = (
				094B19DE1FA874EC003CA26D /* Base */,
			);
			name = Main.storyboard;
			sourceTree = "<group>";
		};
		094B19E21FA874EC003CA26D /* LaunchScreen.storyboard */ = {
			isa = PBXVariantGroup;
			children = (
				094B19E31FA874EC003CA26D /* Base */,
			);
			name = LaunchScreen.storyboard;
			sourceTree = "<group>";
		};
/* End PBXVariantGroup section */

/* Begin XCBuildConfiguration section */
		094B19FC1FA874EC003CA26D /* Debug */ = {
			isa = XCBuildConfiguration;
			buildSettings = {
				ALWAYS_SEARCH_USER_PATHS = NO;
				CLANG_ANALYZER_NONNULL = YES;
				CLANG_ANALYZER_NUMBER_OBJECT_CONVERSION = YES_AGGRESSIVE;
				CLANG_CXX_LANGUAGE_STANDARD = "gnu++14";
				CLANG_CXX_LIBRARY = "libc++";
				CLANG_ENABLE_MODULES = YES;
				CLANG_ENABLE_OBJC_ARC = YES;
				CLANG_WARN_BLOCK_CAPTURE_AUTORELEASING = YES;
				CLANG_WARN_BOOL_CONVERSION = YES;
				CLANG_WARN_COMMA = YES;
				CLANG_WARN_CONSTANT_CONVERSION = YES;
				CLANG_WARN_DIRECT_OBJC_ISA_USAGE = YES_ERROR;
				CLANG_WARN_DOCUMENTATION_COMMENTS = YES;
				CLANG_WARN_EMPTY_BODY = YES;
				CLANG_WARN_ENUM_CONVERSION = YES;
				CLANG_WARN_INFINITE_RECURSION = YES;
				CLANG_WARN_INT_CONVERSION = YES;
				CLANG_WARN_NON_LITERAL_NULL_CONVERSION = YES;
				CLANG_WARN_OBJC_LITERAL_CONVERSION = YES;
				CLANG_WARN_OBJC_ROOT_CLASS = YES_ERROR;
				CLANG_WARN_RANGE_LOOP_ANALYSIS = YES;
				CLANG_WARN_STRICT_PROTOTYPES = YES;
				CLANG_WARN_SUSPICIOUS_MOVE = YES;
				CLANG_WARN_UNGUARDED_AVAILABILITY = YES_AGGRESSIVE;
				CLANG_WARN_UNREACHABLE_CODE = YES;
				CLANG_WARN__DUPLICATE_METHOD_MATCH = YES;
				CODE_SIGN_IDENTITY = "iPhone Developer";
				COPY_PHASE_STRIP = NO;
				DEBUG_INFORMATION_FORMAT = dwarf;
				ENABLE_STRICT_OBJC_MSGSEND = YES;
				ENABLE_TESTABILITY = YES;
				GCC_C_LANGUAGE_STANDARD = gnu11;
				GCC_DYNAMIC_NO_PIC = NO;
				GCC_NO_COMMON_BLOCKS = YES;
				GCC_OPTIMIZATION_LEVEL = 0;
				GCC_PREPROCESSOR_DEFINITIONS = (
					"DEBUG=1",
					"$(inherited)",
				);
				GCC_WARN_64_TO_32_BIT_CONVERSION = YES;
				GCC_WARN_ABOUT_RETURN_TYPE = YES_ERROR;
				GCC_WARN_UNDECLARED_SELECTOR = YES;
				GCC_WARN_UNINITIALIZED_AUTOS = YES_AGGRESSIVE;
				GCC_WARN_UNUSED_FUNCTION = YES;
				GCC_WARN_UNUSED_VARIABLE = YES;
				IPHONEOS_DEPLOYMENT_TARGET = 11.0;
				MTL_ENABLE_DEBUG_INFO = YES;
				ONLY_ACTIVE_ARCH = YES;
				SDKROOT = iphoneos;
				SWIFT_ACTIVE_COMPILATION_CONDITIONS = DEBUG;
				SWIFT_OPTIMIZATION_LEVEL = "-Onone";
			};
			name = Debug;
		};
		094B19FD1FA874EC003CA26D /* Release */ = {
			isa = XCBuildConfiguration;
			buildSettings = {
				ALWAYS_SEARCH_USER_PATHS = NO;
				CLANG_ANALYZER_NONNULL = YES;
				CLANG_ANALYZER_NUMBER_OBJECT_CONVERSION = YES_AGGRESSIVE;
				CLANG_CXX_LANGUAGE_STANDARD = "gnu++14";
				CLANG_CXX_LIBRARY = "libc++";
				CLANG_ENABLE_MODULES = YES;
				CLANG_ENABLE_OBJC_ARC = YES;
				CLANG_WARN_BLOCK_CAPTURE_AUTORELEASING = YES;
				CLANG_WARN_BOOL_CONVERSION = YES;
				CLANG_WARN_COMMA = YES;
				CLANG_WARN_CONSTANT_CONVERSION = YES;
				CLANG_WARN_DIRECT_OBJC_ISA_USAGE = YES_ERROR;
				CLANG_WARN_DOCUMENTATION_COMMENTS = YES;
				CLANG_WARN_EMPTY_BODY = YES;
				CLANG_WARN_ENUM_CONVERSION = YES;
				CLANG_WARN_INFINITE_RECURSION = YES;
				CLANG_WARN_INT_CONVERSION = YES;
				CLANG_WARN_NON_LITERAL_NULL_CONVERSION = YES;
				CLANG_WARN_OBJC_LITERAL_CONVERSION = YES;
				CLANG_WARN_OBJC_ROOT_CLASS = YES_ERROR;
				CLANG_WARN_RANGE_LOOP_ANALYSIS = YES;
				CLANG_WARN_STRICT_PROTOTYPES = YES;
				CLANG_WARN_SUSPICIOUS_MOVE = YES;
				CLANG_WARN_UNGUARDED_AVAILABILITY = YES_AGGRESSIVE;
				CLANG_WARN_UNREACHABLE_CODE = YES;
				CLANG_WARN__DUPLICATE_METHOD_MATCH = YES;
				CODE_SIGN_IDENTITY = "iPhone Developer";
				COPY_PHASE_STRIP = NO;
				DEBUG_INFORMATION_FORMAT = "dwarf-with-dsym";
				ENABLE_NS_ASSERTIONS = NO;
				ENABLE_STRICT_OBJC_MSGSEND = YES;
				GCC_C_LANGUAGE_STANDARD = gnu11;
				GCC_NO_COMMON_BLOCKS = YES;
				GCC_WARN_64_TO_32_BIT_CONVERSION = YES;
				GCC_WARN_ABOUT_RETURN_TYPE = YES_ERROR;
				GCC_WARN_UNDECLARED_SELECTOR = YES;
				GCC_WARN_UNINITIALIZED_AUTOS = YES_AGGRESSIVE;
				GCC_WARN_UNUSED_FUNCTION = YES;
				GCC_WARN_UNUSED_VARIABLE = YES;
				IPHONEOS_DEPLOYMENT_TARGET = 11.0;
				MTL_ENABLE_DEBUG_INFO = NO;
				SDKROOT = iphoneos;
				SWIFT_OPTIMIZATION_LEVEL = "-Owholemodule";
				VALIDATE_PRODUCT = YES;
			};
			name = Release;
		};
		094B19FF1FA874EC003CA26D /* Debug */ = {
			isa = XCBuildConfiguration;
			baseConfigurationReference = 4EA59C98606C096CAFBF2F50 /* Pods-AddressSelectView-Swfit.debug.xcconfig */;
			buildSettings = {
				ASSETCATALOG_COMPILER_APPICON_NAME = AppIcon;
				CLANG_ENABLE_MODULES = YES;
				CODE_SIGN_STYLE = Automatic;
				DEVELOPMENT_TEAM = 4NFK7LY35M;
				INFOPLIST_FILE = "AddressSelectView-Swfit/Info.plist";
				LD_RUNPATH_SEARCH_PATHS = "$(inherited) @executable_path/Frameworks";
				PRODUCT_BUNDLE_IDENTIFIER = "com.cz.AddressSelectView-Swfit";
				PRODUCT_NAME = "$(TARGET_NAME)";
				SWIFT_OBJC_BRIDGING_HEADER = "AddressSelectView-Swfit-Bridging-Header.h";
				SWIFT_OPTIMIZATION_LEVEL = "-Onone";
				SWIFT_VERSION = 4.0;
				TARGETED_DEVICE_FAMILY = "1,2";
			};
			name = Debug;
		};
		094B1A001FA874EC003CA26D /* Release */ = {
			isa = XCBuildConfiguration;
			baseConfigurationReference = 2758645F3D9B0939E12211BB /* Pods-AddressSelectView-Swfit.release.xcconfig */;
			buildSettings = {
				ASSETCATALOG_COMPILER_APPICON_NAME = AppIcon;
				CLANG_ENABLE_MODULES = YES;
				CODE_SIGN_STYLE = Automatic;
				DEVELOPMENT_TEAM = 4NFK7LY35M;
				INFOPLIST_FILE = "AddressSelectView-Swfit/Info.plist";
				LD_RUNPATH_SEARCH_PATHS = "$(inherited) @executable_path/Frameworks";
				PRODUCT_BUNDLE_IDENTIFIER = "com.cz.AddressSelectView-Swfit";
				PRODUCT_NAME = "$(TARGET_NAME)";
				SWIFT_OBJC_BRIDGING_HEADER = "AddressSelectView-Swfit-Bridging-Header.h";
				SWIFT_VERSION = 4.0;
				TARGETED_DEVICE_FAMILY = "1,2";
			};
			name = Release;
		};
		094B1A021FA874EC003CA26D /* Debug */ = {
			isa = XCBuildConfiguration;
			buildSettings = {
				ALWAYS_EMBED_SWIFT_STANDARD_LIBRARIES = YES;
				BUNDLE_LOADER = "$(TEST_HOST)";
				CODE_SIGN_STYLE = Automatic;
				DEVELOPMENT_TEAM = 4NFK7LY35M;
				INFOPLIST_FILE = "AddressSelectView-SwfitTests/Info.plist";
				LD_RUNPATH_SEARCH_PATHS = "$(inherited) @executable_path/Frameworks @loader_path/Frameworks";
				PRODUCT_BUNDLE_IDENTIFIER = "com.cz.AddressSelectView-SwfitTests";
				PRODUCT_NAME = "$(TARGET_NAME)";
				SWIFT_VERSION = 4.0;
				TARGETED_DEVICE_FAMILY = "1,2";
				TEST_HOST = "$(BUILT_PRODUCTS_DIR)/AddressSelectView-Swfit.app/AddressSelectView-Swfit";
			};
			name = Debug;
		};
		094B1A031FA874EC003CA26D /* Release */ = {
			isa = XCBuildConfiguration;
			buildSettings = {
				ALWAYS_EMBED_SWIFT_STANDARD_LIBRARIES = YES;
				BUNDLE_LOADER = "$(TEST_HOST)";
				CODE_SIGN_STYLE = Automatic;
				DEVELOPMENT_TEAM = 4NFK7LY35M;
				INFOPLIST_FILE = "AddressSelectView-SwfitTests/Info.plist";
				LD_RUNPATH_SEARCH_PATHS = "$(inherited) @executable_path/Frameworks @loader_path/Frameworks";
				PRODUCT_BUNDLE_IDENTIFIER = "com.cz.AddressSelectView-SwfitTests";
				PRODUCT_NAME = "$(TARGET_NAME)";
				SWIFT_VERSION = 4.0;
				TARGETED_DEVICE_FAMILY = "1,2";
				TEST_HOST = "$(BUILT_PRODUCTS_DIR)/AddressSelectView-Swfit.app/AddressSelectView-Swfit";
			};
			name = Release;
		};
		094B1A051FA874EC003CA26D /* Debug */ = {
			isa = XCBuildConfiguration;
			buildSettings = {
				ALWAYS_EMBED_SWIFT_STANDARD_LIBRARIES = YES;
				CODE_SIGN_STYLE = Automatic;
				DEVELOPMENT_TEAM = 4NFK7LY35M;
				INFOPLIST_FILE = "AddressSelectView-SwfitUITests/Info.plist";
				LD_RUNPATH_SEARCH_PATHS = "$(inherited) @executable_path/Frameworks @loader_path/Frameworks";
				PRODUCT_BUNDLE_IDENTIFIER = "com.cz.AddressSelectView-SwfitUITests";
				PRODUCT_NAME = "$(TARGET_NAME)";
				SWIFT_VERSION = 4.0;
				TARGETED_DEVICE_FAMILY = "1,2";
				TEST_TARGET_NAME = "AddressSelectView-Swfit";
			};
			name = Debug;
		};
		094B1A061FA874EC003CA26D /* Release */ = {
			isa = XCBuildConfiguration;
			buildSettings = {
				ALWAYS_EMBED_SWIFT_STANDARD_LIBRARIES = YES;
				CODE_SIGN_STYLE = Automatic;
				DEVELOPMENT_TEAM = 4NFK7LY35M;
				INFOPLIST_FILE = "AddressSelectView-SwfitUITests/Info.plist";
				LD_RUNPATH_SEARCH_PATHS = "$(inherited) @executable_path/Frameworks @loader_path/Frameworks";
				PRODUCT_BUNDLE_IDENTIFIER = "com.cz.AddressSelectView-SwfitUITests";
				PRODUCT_NAME = "$(TARGET_NAME)";
				SWIFT_VERSION = 4.0;
				TARGETED_DEVICE_FAMILY = "1,2";
				TEST_TARGET_NAME = "AddressSelectView-Swfit";
			};
			name = Release;
		};
/* End XCBuildConfiguration section */

/* Begin XCConfigurationList section */
		094B19D11FA874EC003CA26D /* Build configuration list for PBXProject "AddressSelectView-Swfit" */ = {
			isa = XCConfigurationList;
			buildConfigurations = (
				094B19FC1FA874EC003CA26D /* Debug */,
				094B19FD1FA874EC003CA26D /* Release */,
			);
			defaultConfigurationIsVisible = 0;
			defaultConfigurationName = Release;
		};
		094B19FE1FA874EC003CA26D /* Build configuration list for PBXNativeTarget "AddressSelectView-Swfit" */ = {
			isa = XCConfigurationList;
			buildConfigurations = (
				094B19FF1FA874EC003CA26D /* Debug */,
				094B1A001FA874EC003CA26D /* Release */,
			);
			defaultConfigurationIsVisible = 0;
			defaultConfigurationName = Release;
		};
		094B1A011FA874EC003CA26D /* Build configuration list for PBXNativeTarget "AddressSelectView-SwfitTests" */ = {
			isa = XCConfigurationList;
			buildConfigurations = (
				094B1A021FA874EC003CA26D /* Debug */,
				094B1A031FA874EC003CA26D /* Release */,
			);
			defaultConfigurationIsVisible = 0;
			defaultConfigurationName = Release;
		};
		094B1A041FA874EC003CA26D /* Build configuration list for PBXNativeTarget "AddressSelectView-SwfitUITests" */ = {
			isa = XCConfigurationList;
			buildConfigurations = (
				094B1A051FA874EC003CA26D /* Debug */,
				094B1A061FA874EC003CA26D /* Release */,
			);
			defaultConfigurationIsVisible = 0;
			defaultConfigurationName = Release;
		};
/* End XCConfigurationList section */
	};
	rootObject = 094B19CE1FA874EC003CA26D /* Project object */;
}
